
Microsoft Visual Studio Solution File, Format Version 12.00
# Visual Studio 2013
VisualStudioVersion = 12.0.31101.0
MinimumVisualStudioVersion = 10.0.40219.1
Project("{FAE04EC0-301F-11D3-BF4B-00C04F79EFBC}") = "DbFuncionarios", "DbFuncionarios\DbFuncionarios.csproj", "{766D9A84-D2D2-4CC4-997B-1EBCFDC1EB38}"
EndProject
Project("{FAE04EC0-301F-11D3-BF4B-00C04F79EFBC}") = "DbFuncionarios.Test", "DbFuncionarios.Test\DbFuncionarios.Test.csproj", "{7FE622B2-4247-4D1D-BCD1-7F75A518C467}"
EndProject
Global
	GlobalSection(SolutionConfigurationPlatforms) = preSolution
		Debug|Any CPU = Debug|Any CPU
		Release|Any CPU = Release|Any CPU
	EndGlobalSection
	GlobalSection(ProjectConfigurationPlatforms) = postSolution
		{766D9A84-D2D2-4CC4-997B-1EBCFDC1EB38}.Debug|Any CPU.ActiveCfg = Debug|Any CPU
		{766D9A84-D2D2-4CC4-997B-1EBCFDC1EB38}.Debug|Any CPU.Build.0 = Debug|Any CPU
		{766D9A84-D2D2-4CC4-997B-1EBCFDC1EB38}.Release|Any CPU.ActiveCfg = Release|Any CPU
		{766D9A84-D2D2-4CC4-997B-1EBCFDC1EB38}.Release|Any CPU.Build.0 = Release|Any CPU
		{7FE622B2-4247-4D1D-BCD1-7F75A518C467}.Debug|Any CPU.ActiveCfg = Debug|Any CPU
		{7FE622B2-4247-4D1D-BCD1-7F75A518C467}.Debug|Any CPU.Build.0 = Debug|Any CPU
		{7FE622B2-4247-4D1D-BCD1-7F75A518C467}.Release|Any CPU.ActiveCfg = Release|Any CPU
		{7FE622B2-4247-4D1D-BCD1-7F75A518C467}.Release|Any CPU.Build.0 = Release|Any CPU
	EndGlobalSection
	GlobalSection(SolutionProperties) = preSolution
		HideSolutionNode = FALSE
	EndGlobalSection
EndGlobal
