
Microsoft Visual Studio Solution File, Format Version 12.00
# Visual Studio 2013
VisualStudioVersion = 12.0.31101.0
MinimumVisualStudioVersion = 10.0.40219.1
Project("{FAE04EC0-301F-11D3-BF4B-00C04F79EFBC}") = "Locadora.Domain", "Locadora.Domain\Locadora.Domain.csproj", "{0053AA8A-8156-4C3B-BDC1-589A296F2A04}"
EndProject
Project("{FAE04EC0-301F-11D3-BF4B-00C04F79EFBC}") = "Locadora.UI", "Locadora.UI\Locadora.UI.csproj", "{D0CE78BF-A89C-4E46-A398-80245284D1C2}"
EndProject
Project("{FAE04EC0-301F-11D3-BF4B-00C04F79EFBC}") = "Locadora.Domain.Test", "Locadora.Domain.Test\Locadora.Domain.Test.csproj", "{B9BCA953-BEAB-4212-8900-49C430309918}"
EndProject
Project("{FAE04EC0-301F-11D3-BF4B-00C04F79EFBC}") = "Locadora.Web", "Locadora.Web\Locadora.Web.csproj", "{B6C946FB-F655-437D-9798-791773DBE224}"
EndProject
Global
	GlobalSection(SolutionConfigurationPlatforms) = preSolution
		Debug|Any CPU = Debug|Any CPU
		Release|Any CPU = Release|Any CPU
	EndGlobalSection
	GlobalSection(ProjectConfigurationPlatforms) = postSolution
		{0053AA8A-8156-4C3B-BDC1-589A296F2A04}.Debug|Any CPU.ActiveCfg = Debug|Any CPU
		{0053AA8A-8156-4C3B-BDC1-589A296F2A04}.Debug|Any CPU.Build.0 = Debug|Any CPU
		{0053AA8A-8156-4C3B-BDC1-589A296F2A04}.Release|Any CPU.ActiveCfg = Release|Any CPU
		{0053AA8A-8156-4C3B-BDC1-589A296F2A04}.Release|Any CPU.Build.0 = Release|Any CPU
		{D0CE78BF-A89C-4E46-A398-80245284D1C2}.Debug|Any CPU.ActiveCfg = Debug|Any CPU
		{D0CE78BF-A89C-4E46-A398-80245284D1C2}.Debug|Any CPU.Build.0 = Debug|Any CPU
		{D0CE78BF-A89C-4E46-A398-80245284D1C2}.Release|Any CPU.ActiveCfg = Release|Any CPU
		{D0CE78BF-A89C-4E46-A398-80245284D1C2}.Release|Any CPU.Build.0 = Release|Any CPU
		{B9BCA953-BEAB-4212-8900-49C430309918}.Debug|Any CPU.ActiveCfg = Debug|Any CPU
		{B9BCA953-BEAB-4212-8900-49C430309918}.Debug|Any CPU.Build.0 = Debug|Any CPU
		{B9BCA953-BEAB-4212-8900-49C430309918}.Release|Any CPU.ActiveCfg = Release|Any CPU
		{B9BCA953-BEAB-4212-8900-49C430309918}.Release|Any CPU.Build.0 = Release|Any CPU
		{B6C946FB-F655-437D-9798-791773DBE224}.Debug|Any CPU.ActiveCfg = Debug|Any CPU
		{B6C946FB-F655-437D-9798-791773DBE224}.Debug|Any CPU.Build.0 = Debug|Any CPU
		{B6C946FB-F655-437D-9798-791773DBE224}.Release|Any CPU.ActiveCfg = Release|Any CPU
		{B6C946FB-F655-437D-9798-791773DBE224}.Release|Any CPU.Build.0 = Release|Any CPU
	EndGlobalSection
	GlobalSection(SolutionProperties) = preSolution
		HideSolutionNode = FALSE
	EndGlobalSection
EndGlobal
